// !$*UTF8*$!
{
	archiveVersion = 1;
	classes = {
	};
	objectVersion = 77;
	objects = {

/* Begin PBXBuildFile section */
		C14FDE9C2EC0B25000EB9F3D /* GStreamer.framework in Frameworks */ = {isa = PBXBuildFile; fileRef = C1E928842EA66FAF004F5C86 /* GStreamer.framework */; };
		C14FDE9F2EC0B25000EB9F3D /* GStreamer.framework in Embed Frameworks */ = {isa = PBXBuildFile; fileRef = C1E928842EA66FAF004F5C86 /* GStreamer.framework */; settings = {ATTRIBUTES = (RemoveHeadersOnCopy, ); }; };
		C14FDEAE2EC0C39D00EB9F3D /* GStreamer.framework in Frameworks */ = {isa = PBXBuildFile; fileRef = C1E928842EA66FAF004F5C86 /* GStreamer.framework */; };
		C14FDEB12EC0C39D00EB9F3D /* GStreamer.framework in Embed Frameworks */ = {isa = PBXBuildFile; fileRef = C1E928842EA66FAF004F5C86 /* GStreamer.framework */; settings = {ATTRIBUTES = (RemoveHeadersOnCopy, ); }; };
		C1E928852EA66FAF004F5C86 /* GStreamer.framework in Frameworks */ = {isa = PBXBuildFile; fileRef = C1E928842EA66FAF004F5C86 /* GStreamer.framework */; };
		C1E928862EA66FAF004F5C86 /* GStreamer.framework in Embed Frameworks */ = {isa = PBXBuildFile; fileRef = C1E928842EA66FAF004F5C86 /* GStreamer.framework */; settings = {ATTRIBUTES = (RemoveHeadersOnCopy, ); }; };
/* End PBXBuildFile section */

/* Begin PBXCopyFilesBuildPhase section */
		C14FDE9D2EC0B25000EB9F3D /* CopyFiles */ = {
			isa = PBXCopyFilesBuildPhase;
			buildActionMask = 2147483647;
			dstPath = /usr/share/man/man1/;
			dstSubfolderSpec = 0;
			files = (
			);
			runOnlyForDeploymentPostprocessing = 1;
		};
		C14FDE9E2EC0B25000EB9F3D /* Embed Frameworks */ = {
			isa = PBXCopyFilesBuildPhase;
			buildActionMask = 12;
			dstPath = "";
			dstSubfolderSpec = 10;
			files = (
				C14FDE9F2EC0B25000EB9F3D /* GStreamer.framework in Embed Frameworks */,
			);
			name = "Embed Frameworks";
			runOnlyForDeploymentPostprocessing = 0;
		};
		C14FDEAF2EC0C39D00EB9F3D /* CopyFiles */ = {
			isa = PBXCopyFilesBuildPhase;
			buildActionMask = 2147483647;
			dstPath = /usr/share/man/man1/;
			dstSubfolderSpec = 0;
			files = (
			);
			runOnlyForDeploymentPostprocessing = 1;
		};
		C14FDEB02EC0C39D00EB9F3D /* Embed Frameworks */ = {
			isa = PBXCopyFilesBuildPhase;
			buildActionMask = 12;
			dstPath = "";
			dstSubfolderSpec = 10;
			files = (
				C14FDEB12EC0C39D00EB9F3D /* GStreamer.framework in Embed Frameworks */,
			);
			name = "Embed Frameworks";
			runOnlyForDeploymentPostprocessing = 0;
		};
		C1E928872EA66FAF004F5C86 /* Embed Frameworks */ = {
			isa = PBXCopyFilesBuildPhase;
			buildActionMask = 12;
			dstPath = "";
			dstSubfolderSpec = 10;
			files = (
				C1E928862EA66FAF004F5C86 /* GStreamer.framework in Embed Frameworks */,
			);
			name = "Embed Frameworks";
			runOnlyForDeploymentPostprocessing = 0;
		};
		C1F5BF652E8E36FB00810721 /* CopyFiles */ = {
			isa = PBXCopyFilesBuildPhase;
			buildActionMask = 2147483647;
			dstPath = /usr/share/man/man1/;
			dstSubfolderSpec = 0;
			files = (
			);
			runOnlyForDeploymentPostprocessing = 1;
		};
/* End PBXCopyFilesBuildPhase section */

/* Begin PBXFileReference section */
		C14FDEA32EC0B25000EB9F3D /* test1 */ = {isa = PBXFileReference; explicitFileType = "compiled.mach-o.executable"; includeInIndex = 0; path = test1; sourceTree = BUILT_PRODUCTS_DIR; };
		C14FDEB52EC0C39D00EB9F3D /* test2 */ = {isa = PBXFileReference; explicitFileType = "compiled.mach-o.executable"; includeInIndex = 0; path = test2; sourceTree = BUILT_PRODUCTS_DIR; };
		C1E928842EA66FAF004F5C86 /* GStreamer.framework */ = {isa = PBXFileReference; lastKnownFileType = wrapper.framework; name = GStreamer.framework; path = ../../../../../Library/Frameworks/GStreamer.framework; sourceTree = "<group>"; };
		C1F5BF672E8E36FB00810721 /* Gobject-tutorial */ = {isa = PBXFileReference; explicitFileType = "compiled.mach-o.executable"; includeInIndex = 0; path = "Gobject-tutorial"; sourceTree = BUILT_PRODUCTS_DIR; };
/* End PBXFileReference section */

/* Begin PBXFileSystemSynchronizedBuildFileExceptionSet section */
		C14FDEA42EC0B25000EB9F3D /* Exceptions for "Gobject-tutorial" folder in "test1" target */ = {
			isa = PBXFileSystemSynchronizedBuildFileExceptionSet;
			membershipExceptions = (
				main.c,
				misc/example1.c,
				misc/example2.c,
				misc/example3.c,
				misc/example4.c,
				misc/example5.c,
				sample1.c,
				tdouble.c,
				tdouble1/main.c,
				tdouble1/tdouble.c,
				tdouble3/main.c,
				tdouble3/tdouble.c,
				tdouble6/main.c,
				tdouble6/tdouble.c,
				test1.c,
				tnumber/main.c,
				tstr/main.c,
				tstr/test2.c,
				tstr/tnumstr.c,
			);
			target = C14FDE992EC0B25000EB9F3D /* test1 */;
		};
		C14FDEB62EC0C39D00EB9F3D /* Exceptions for "Gobject-tutorial" folder in "test2" target */ = {
			isa = PBXFileSystemSynchronizedBuildFileExceptionSet;
			membershipExceptions = (
				main.c,
				misc/example1.c,
				misc/example2.c,
				misc/example3.c,
				misc/example4.c,
				misc/example5.c,
				sample1.c,
				tdouble.c,
				tdouble1/main.c,
				tdouble1/tdouble.c,
				tdouble3/main.c,
				tdouble3/tdouble.c,
				tdouble6/main.c,
				tdouble6/tdouble.c,
				test1.c,
				tnumber/main.c,
				tstr/main.c,
				tstr/test1.c,
			);
			target = C14FDEAB2EC0C39D00EB9F3D /* test2 */;
		};
		C1E928882EA67069004F5C86 /* Exceptions for "Gobject-tutorial" folder in "Gobject-tutorial" target */ = {
			isa = PBXFileSystemSynchronizedBuildFileExceptionSet;
			membershipExceptions = (
				main.c,
				misc/example1.c,
				misc/example2.c,
				misc/example3.c,
				misc/example4.c,
				misc/example5.c,
				sample1.c,
				tdouble.c,
				tdouble1/main.c,
				tdouble1/tdouble.c,
				tdouble3/main.c,
				tdouble3/tdouble.c,
				tdouble6/main.c,
				tdouble6/tdouble.c,
				test1.c,
				tnumber/main.c,
				tstr/test1.c,
				tstr/test2.c,
			);
			target = C1F5BF662E8E36FB00810721 /* Gobject-tutorial */;
		};
/* End PBXFileSystemSynchronizedBuildFileExceptionSet section */

/* Begin PBXFileSystemSynchronizedRootGroup section */
		C1F5BF692E8E36FB00810721 /* Gobject-tutorial */ = {
			isa = PBXFileSystemSynchronizedRootGroup;
			exceptions = (
				C1E928882EA67069004F5C86 /* Exceptions for "Gobject-tutorial" folder in "Gobject-tutorial" target */,
				C14FDEA42EC0B25000EB9F3D /* Exceptions for "Gobject-tutorial" folder in "test1" target */,
				C14FDEB62EC0C39D00EB9F3D /* Exceptions for "Gobject-tutorial" folder in "test2" target */,
			);
			path = "Gobject-tutorial";
			sourceTree = "<group>";
		};
/* End PBXFileSystemSynchronizedRootGroup section */

/* Begin PBXFrameworksBuildPhase section */
		C14FDE9B2EC0B25000EB9F3D /* Frameworks */ = {
			isa = PBXFrameworksBuildPhase;
			buildActionMask = 2147483647;
			files = (
				C14FDE9C2EC0B25000EB9F3D /* GStreamer.framework in Frameworks */,
			);
			runOnlyForDeploymentPostprocessing = 0;
		};
		C14FDEAD2EC0C39D00EB9F3D /* Frameworks */ = {
			isa = PBXFrameworksBuildPhase;
			buildActionMask = 2147483647;
			files = (
				C14FDEAE2EC0C39D00EB9F3D /* GStreamer.framework in Frameworks */,
			);
			runOnlyForDeploymentPostprocessing = 0;
		};
		C1F5BF642E8E36FB00810721 /* Frameworks */ = {
			isa = PBXFrameworksBuildPhase;
			buildActionMask = 2147483647;
			files = (
				C1E928852EA66FAF004F5C86 /* GStreamer.framework in Frameworks */,
			);
			runOnlyForDeploymentPostprocessing = 0;
		};
/* End PBXFrameworksBuildPhase section */

/* Begin PBXGroup section */
		C1E928832EA66FAE004F5C86 /* Frameworks */ = {
			isa = PBXGroup;
			children = (
				C1E928842EA66FAF004F5C86 /* GStreamer.framework */,
			);
			name = Frameworks;
			sourceTree = "<group>";
		};
		C1F5BF5E2E8E36FB00810721 = {
			isa = PBXGroup;
			children = (
				C1F5BF692E8E36FB00810721 /* Gobject-tutorial */,
				C1E928832EA66FAE004F5C86 /* Frameworks */,
				C1F5BF682E8E36FB00810721 /* Products */,
			);
			sourceTree = "<group>";
		};
		C1F5BF682E8E36FB00810721 /* Products */ = {
			isa = PBXGroup;
			children = (
				C1F5BF672E8E36FB00810721 /* Gobject-tutorial */,
				C14FDEA32EC0B25000EB9F3D /* test1 */,
				C14FDEB52EC0C39D00EB9F3D /* test2 */,
			);
			name = Products;
			sourceTree = "<group>";
		};
/* End PBXGroup section */

/* Begin PBXNativeTarget section */
		C14FDE992EC0B25000EB9F3D /* test1 */ = {
			isa = PBXNativeTarget;
			buildConfigurationList = C14FDEA02EC0B25000EB9F3D /* Build configuration list for PBXNativeTarget "test1" */;
			buildPhases = (
				C14FDE9A2EC0B25000EB9F3D /* Sources */,
				C14FDE9B2EC0B25000EB9F3D /* Frameworks */,
				C14FDE9D2EC0B25000EB9F3D /* CopyFiles */,
				C14FDE9E2EC0B25000EB9F3D /* Embed Frameworks */,
			);
			buildRules = (
			);
			dependencies = (
			);
			fileSystemSynchronizedGroups = (
				C1F5BF692E8E36FB00810721 /* Gobject-tutorial */,
			);
			name = test1;
			packageProductDependencies = (
			);
			productName = "Gobject-tutorial";
			productReference = C14FDEA32EC0B25000EB9F3D /* test1 */;
			productType = "com.apple.product-type.tool";
		};
		C14FDEAB2EC0C39D00EB9F3D /* test2 */ = {
			isa = PBXNativeTarget;
			buildConfigurationList = C14FDEB22EC0C39D00EB9F3D /* Build configuration list for PBXNativeTarget "test2" */;
			buildPhases = (
				C14FDEAC2EC0C39D00EB9F3D /* Sources */,
				C14FDEAD2EC0C39D00EB9F3D /* Frameworks */,
				C14FDEAF2EC0C39D00EB9F3D /* CopyFiles */,
				C14FDEB02EC0C39D00EB9F3D /* Embed Frameworks */,
			);
			buildRules = (
			);
			dependencies = (
			);
			fileSystemSynchronizedGroups = (
				C1F5BF692E8E36FB00810721 /* Gobject-tutorial */,
			);
			name = test2;
			packageProductDependencies = (
			);
			productName = "Gobject-tutorial";
			productReference = C14FDEB52EC0C39D00EB9F3D /* test2 */;
			productType = "com.apple.product-type.tool";
		};
		C1F5BF662E8E36FB00810721 /* Gobject-tutorial */ = {
			isa = PBXNativeTarget;
			buildConfigurationList = C1F5BF6E2E8E36FB00810721 /* Build configuration list for PBXNativeTarget "Gobject-tutorial" */;
			buildPhases = (
				C1F5BF632E8E36FB00810721 /* Sources */,
				C1F5BF642E8E36FB00810721 /* Frameworks */,
				C1F5BF652E8E36FB00810721 /* CopyFiles */,
				C1E928872EA66FAF004F5C86 /* Embed Frameworks */,
			);
			buildRules = (
			);
			dependencies = (
			);
			fileSystemSynchronizedGroups = (
				C1F5BF692E8E36FB00810721 /* Gobject-tutorial */,
			);
			name = "Gobject-tutorial";
			packageProductDependencies = (
			);
			productName = "Gobject-tutorial";
			productReference = C1F5BF672E8E36FB00810721 /* Gobject-tutorial */;
			productType = "com.apple.product-type.tool";
		};
/* End PBXNativeTarget section */

/* Begin PBXProject section */
		C1F5BF5F2E8E36FB00810721 /* Project object */ = {
			isa = PBXProject;
			attributes = {
				BuildIndependentTargetsInParallel = 1;
				LastUpgradeCheck = 1640;
				TargetAttributes = {
					C1F5BF662E8E36FB00810721 = {
						CreatedOnToolsVersion = 16.4;
					};
				};
			};
			buildConfigurationList = C1F5BF622E8E36FB00810721 /* Build configuration list for PBXProject "Gobject-tutorial" */;
			developmentRegion = en;
			hasScannedForEncodings = 0;
			knownRegions = (
				en,
				Base,
			);
			mainGroup = C1F5BF5E2E8E36FB00810721;
			minimizedProjectReferenceProxies = 1;
			preferredProjectObjectVersion = 77;
			productRefGroup = C1F5BF682E8E36FB00810721 /* Products */;
			projectDirPath = "";
			projectRoot = "";
			targets = (
				C1F5BF662E8E36FB00810721 /* Gobject-tutorial */,
				C14FDE992EC0B25000EB9F3D /* test1 */,
				C14FDEAB2EC0C39D00EB9F3D /* test2 */,
			);
		};
/* End PBXProject section */

/* Begin PBXSourcesBuildPhase section */
		C14FDE9A2EC0B25000EB9F3D /* Sources */ = {
			isa = PBXSourcesBuildPhase;
			buildActionMask = 2147483647;
			files = (
			);
			runOnlyForDeploymentPostprocessing = 0;
		};
		C14FDEAC2EC0C39D00EB9F3D /* Sources */ = {
			isa = PBXSourcesBuildPhase;
			buildActionMask = 2147483647;
			files = (
			);
			runOnlyForDeploymentPostprocessing = 0;
		};
		C1F5BF632E8E36FB00810721 /* Sources */ = {
			isa = PBXSourcesBuildPhase;
			buildActionMask = 2147483647;
			files = (
			);
			runOnlyForDeploymentPostprocessing = 0;
		};
/* End PBXSourcesBuildPhase section */

/* Begin XCBuildConfiguration section */
		C14FDEA12EC0B25000EB9F3D /* Debug */ = {
			isa = XCBuildConfiguration;
			buildSettings = {
				CLANG_WARN_DOCUMENTATION_COMMENTS = NO;
				CODE_SIGN_ENTITLEMENTS = "Gobject-tutorial/Gobject-tutorial.entitlements";
				CODE_SIGN_STYLE = Automatic;
				DEVELOPMENT_TEAM = V68Z7A6PU5;
				ENABLE_HARDENED_RUNTIME = YES;
				FRAMEWORK_SEARCH_PATHS = (
					"$(inherited)",
					"$(LOCAL_LIBRARY_DIR)/Frameworks",
				);
				HEADER_SEARCH_PATHS = /Library/Frameworks/GStreamer.framework/Versions/1.0/Headers;
				LIBRARY_SEARCH_PATHS = /Library/Frameworks/GStreamer.framework/Libraries;
				PRODUCT_NAME = "$(TARGET_NAME)";
			};
			name = Debug;
		};
		C14FDEA22EC0B25000EB9F3D /* Release */ = {
			isa = XCBuildConfiguration;
			buildSettings = {
				CLANG_WARN_DOCUMENTATION_COMMENTS = NO;
				CODE_SIGN_ENTITLEMENTS = "Gobject-tutorial/Gobject-tutorial.entitlements";
				CODE_SIGN_STYLE = Automatic;
				DEVELOPMENT_TEAM = V68Z7A6PU5;
				ENABLE_HARDENED_RUNTIME = YES;
				FRAMEWORK_SEARCH_PATHS = (
					"$(inherited)",
					"$(LOCAL_LIBRARY_DIR)/Frameworks",
				);
				HEADER_SEARCH_PATHS = /Library/Frameworks/GStreamer.framework/Versions/1.0/Headers;
				LIBRARY_SEARCH_PATHS = /Library/Frameworks/GStreamer.framework/Libraries;
				PRODUCT_NAME = "$(TARGET_NAME)";
			};
			name = Release;
		};
		C14FDEB32EC0C39D00EB9F3D /* Debug */ = {
			isa = XCBuildConfiguration;
			buildSettings = {
				CLANG_WARN_DOCUMENTATION_COMMENTS = NO;
				CODE_SIGN_ENTITLEMENTS = "Gobject-tutorial/Gobject-tutorial.entitlements";
				CODE_SIGN_STYLE = Automatic;
				DEVELOPMENT_TEAM = V68Z7A6PU5;
				ENABLE_HARDENED_RUNTIME = YES;
				FRAMEWORK_SEARCH_PATHS = (
					"$(inherited)",
					"$(LOCAL_LIBRARY_DIR)/Frameworks",
				);
				HEADER_SEARCH_PATHS = /Library/Frameworks/GStreamer.framework/Versions/1.0/Headers;
				LIBRARY_SEARCH_PATHS = /Library/Frameworks/GStreamer.framework/Libraries;
				PRODUCT_NAME = "$(TARGET_NAME)";
			};
			name = Debug;
		};
		C14FDEB42EC0C39D00EB9F3D /* Release */ = {
			isa = XCBuildConfiguration;
			buildSettings = {
				CLANG_WARN_DOCUMENTATION_COMMENTS = NO;
				CODE_SIGN_ENTITLEMENTS = "Gobject-tutorial/Gobject-tutorial.entitlements";
				CODE_SIGN_STYLE = Automatic;
				DEVELOPMENT_TEAM = V68Z7A6PU5;
				ENABLE_HARDENED_RUNTIME = YES;
				FRAMEWORK_SEARCH_PATHS = (
					"$(inherited)",
					"$(LOCAL_LIBRARY_DIR)/Frameworks",
				);
				HEADER_SEARCH_PATHS = /Library/Frameworks/GStreamer.framework/Versions/1.0/Headers;
				LIBRARY_SEARCH_PATHS = /Library/Frameworks/GStreamer.framework/Libraries;
				PRODUCT_NAME = "$(TARGET_NAME)";
			};
			name = Release;
		};
		C1F5BF6C2E8E36FB00810721 /* Debug */ = {
			isa = XCBuildConfiguration;
			buildSettings = {
				ALWAYS_SEARCH_USER_PATHS = NO;
				ASSETCATALOG_COMPILER_GENERATE_SWIFT_ASSET_SYMBOL_EXTENSIONS = YES;
				CLANG_ANALYZER_NONNULL = YES;
				CLANG_ANALYZER_NUMBER_OBJECT_CONVERSION = YES_AGGRESSIVE;
				CLANG_CXX_LANGUAGE_STANDARD = "gnu++20";
				CLANG_ENABLE_MODULES = YES;
				CLANG_ENABLE_OBJC_ARC = YES;
				CLANG_ENABLE_OBJC_WEAK = YES;
				CLANG_WARN_BLOCK_CAPTURE_AUTORELEASING = YES;
				CLANG_WARN_BOOL_CONVERSION = YES;
				CLANG_WARN_COMMA = YES;
				CLANG_WARN_CONSTANT_CONVERSION = YES;
				CLANG_WARN_DEPRECATED_OBJC_IMPLEMENTATIONS = YES;
				CLANG_WARN_DIRECT_OBJC_ISA_USAGE = YES_ERROR;
				CLANG_WARN_DOCUMENTATION_COMMENTS = YES;
				CLANG_WARN_EMPTY_BODY = YES;
				CLANG_WARN_ENUM_CONVERSION = YES;
				CLANG_WARN_INFINITE_RECURSION = YES;
				CLANG_WARN_INT_CONVERSION = YES;
				CLANG_WARN_NON_LITERAL_NULL_CONVERSION = YES;
				CLANG_WARN_OBJC_IMPLICIT_RETAIN_SELF = YES;
				CLANG_WARN_OBJC_LITERAL_CONVERSION = YES;
				CLANG_WARN_OBJC_ROOT_CLASS = YES_ERROR;
				CLANG_WARN_QUOTED_INCLUDE_IN_FRAMEWORK_HEADER = YES;
				CLANG_WARN_RANGE_LOOP_ANALYSIS = YES;
				CLANG_WARN_STRICT_PROTOTYPES = YES;
				CLANG_WARN_SUSPICIOUS_MOVE = YES;
				CLANG_WARN_UNGUARDED_AVAILABILITY = YES_AGGRESSIVE;
				CLANG_WARN_UNREACHABLE_CODE = YES;
				CLANG_WARN__DUPLICATE_METHOD_MATCH = YES;
				COPY_PHASE_STRIP = NO;
				DEBUG_INFORMATION_FORMAT = dwarf;
				DEVELOPMENT_TEAM = V68Z7A6PU5;
				ENABLE_STRICT_OBJC_MSGSEND = YES;
				ENABLE_TESTABILITY = YES;
				ENABLE_USER_SCRIPT_SANDBOXING = YES;
				GCC_C_LANGUAGE_STANDARD = gnu17;
				GCC_DYNAMIC_NO_PIC = NO;
				GCC_NO_COMMON_BLOCKS = YES;
				GCC_OPTIMIZATION_LEVEL = 0;
				GCC_PREPROCESSOR_DEFINITIONS = (
					"DEBUG=1",
					"$(inherited)",
				);
				GCC_WARN_64_TO_32_BIT_CONVERSION = YES;
				GCC_WARN_ABOUT_RETURN_TYPE = YES_ERROR;
				GCC_WARN_UNDECLARED_SELECTOR = YES;
				GCC_WARN_UNINITIALIZED_AUTOS = YES_AGGRESSIVE;
				GCC_WARN_UNUSED_FUNCTION = YES;
				GCC_WARN_UNUSED_VARIABLE = YES;
				LOCALIZATION_PREFERS_STRING_CATALOGS = YES;
				MACOSX_DEPLOYMENT_TARGET = 15.5;
				MTL_ENABLE_DEBUG_INFO = INCLUDE_SOURCE;
				MTL_FAST_MATH = YES;
				ONLY_ACTIVE_ARCH = YES;
				SDKROOT = macosx;
			};
			name = Debug;
		};
		C1F5BF6D2E8E36FB00810721 /* Release */ = {
			isa = XCBuildConfiguration;
			buildSettings = {
				ALWAYS_SEARCH_USER_PATHS = NO;
				ASSETCATALOG_COMPILER_GENERATE_SWIFT_ASSET_SYMBOL_EXTENSIONS = YES;
				CLANG_ANALYZER_NONNULL = YES;
				CLANG_ANALYZER_NUMBER_OBJECT_CONVERSION = YES_AGGRESSIVE;
				CLANG_CXX_LANGUAGE_STANDARD = "gnu++20";
				CLANG_ENABLE_MODULES = YES;
				CLANG_ENABLE_OBJC_ARC = YES;
				CLANG_ENABLE_OBJC_WEAK = YES;
				CLANG_WARN_BLOCK_CAPTURE_AUTORELEASING = YES;
				CLANG_WARN_BOOL_CONVERSION = YES;
				CLANG_WARN_COMMA = YES;
				CLANG_WARN_CONSTANT_CONVERSION = YES;
				CLANG_WARN_DEPRECATED_OBJC_IMPLEMENTATIONS = YES;
				CLANG_WARN_DIRECT_OBJC_ISA_USAGE = YES_ERROR;
				CLANG_WARN_DOCUMENTATION_COMMENTS = YES;
				CLANG_WARN_EMPTY_BODY = YES;
				CLANG_WARN_ENUM_CONVERSION = YES;
				CLANG_WARN_INFINITE_RECURSION = YES;
				CLANG_WARN_INT_CONVERSION = YES;
				CLANG_WARN_NON_LITERAL_NULL_CONVERSION = YES;
				CLANG_WARN_OBJC_IMPLICIT_RETAIN_SELF = YES;
				CLANG_WARN_OBJC_LITERAL_CONVERSION = YES;
				CLANG_WARN_OBJC_ROOT_CLASS = YES_ERROR;
				CLANG_WARN_QUOTED_INCLUDE_IN_FRAMEWORK_HEADER = YES;
				CLANG_WARN_RANGE_LOOP_ANALYSIS = YES;
				CLANG_WARN_STRICT_PROTOTYPES = YES;
				CLANG_WARN_SUSPICIOUS_MOVE = YES;
				CLANG_WARN_UNGUARDED_AVAILABILITY = YES_AGGRESSIVE;
				CLANG_WARN_UNREACHABLE_CODE = YES;
				CLANG_WARN__DUPLICATE_METHOD_MATCH = YES;
				COPY_PHASE_STRIP = NO;
				DEBUG_INFORMATION_FORMAT = "dwarf-with-dsym";
				DEVELOPMENT_TEAM = V68Z7A6PU5;
				ENABLE_NS_ASSERTIONS = NO;
				ENABLE_STRICT_OBJC_MSGSEND = YES;
				ENABLE_USER_SCRIPT_SANDBOXING = YES;
				GCC_C_LANGUAGE_STANDARD = gnu17;
				GCC_NO_COMMON_BLOCKS = YES;
				GCC_WARN_64_TO_32_BIT_CONVERSION = YES;
				GCC_WARN_ABOUT_RETURN_TYPE = YES_ERROR;
				GCC_WARN_UNDECLARED_SELECTOR = YES;
				GCC_WARN_UNINITIALIZED_AUTOS = YES_AGGRESSIVE;
				GCC_WARN_UNUSED_FUNCTION = YES;
				GCC_WARN_UNUSED_VARIABLE = YES;
				LOCALIZATION_PREFERS_STRING_CATALOGS = YES;
				MACOSX_DEPLOYMENT_TARGET = 15.5;
				MTL_ENABLE_DEBUG_INFO = NO;
				MTL_FAST_MATH = YES;
				SDKROOT = macosx;
			};
			name = Release;
		};
		C1F5BF6F2E8E36FB00810721 /* Debug */ = {
			isa = XCBuildConfiguration;
			buildSettings = {
				CLANG_WARN_DOCUMENTATION_COMMENTS = NO;
				CODE_SIGN_ENTITLEMENTS = "Gobject-tutorial/Gobject-tutorial.entitlements";
				CODE_SIGN_STYLE = Automatic;
				DEVELOPMENT_TEAM = V68Z7A6PU5;
				ENABLE_HARDENED_RUNTIME = YES;
				FRAMEWORK_SEARCH_PATHS = (
					"$(inherited)",
					"$(LOCAL_LIBRARY_DIR)/Frameworks",
				);
				HEADER_SEARCH_PATHS = /Library/Frameworks/GStreamer.framework/Versions/1.0/Headers;
				LIBRARY_SEARCH_PATHS = /Library/Frameworks/GStreamer.framework/Libraries;
				PRODUCT_NAME = "$(TARGET_NAME)";
			};
			name = Debug;
		};
		C1F5BF702E8E36FB00810721 /* Release */ = {
			isa = XCBuildConfiguration;
			buildSettings = {
				CLANG_WARN_DOCUMENTATION_COMMENTS = NO;
				CODE_SIGN_ENTITLEMENTS = "Gobject-tutorial/Gobject-tutorial.entitlements";
				CODE_SIGN_STYLE = Automatic;
				DEVELOPMENT_TEAM = V68Z7A6PU5;
				ENABLE_HARDENED_RUNTIME = YES;
				FRAMEWORK_SEARCH_PATHS = (
					"$(inherited)",
					"$(LOCAL_LIBRARY_DIR)/Frameworks",
				);
				HEADER_SEARCH_PATHS = /Library/Frameworks/GStreamer.framework/Versions/1.0/Headers;
				LIBRARY_SEARCH_PATHS = /Library/Frameworks/GStreamer.framework/Libraries;
				PRODUCT_NAME = "$(TARGET_NAME)";
			};
			name = Release;
		};
/* End XCBuildConfiguration section */

/* Begin XCConfigurationList section */
		C14FDEA02EC0B25000EB9F3D /* Build configuration list for PBXNativeTarget "test1" */ = {
			isa = XCConfigurationList;
			buildConfigurations = (
				C14FDEA12EC0B25000EB9F3D /* Debug */,
				C14FDEA22EC0B25000EB9F3D /* Release */,
			);
			defaultConfigurationIsVisible = 0;
			defaultConfigurationName = Release;
		};
		C14FDEB22EC0C39D00EB9F3D /* Build configuration list for PBXNativeTarget "test2" */ = {
			isa = XCConfigurationList;
			buildConfigurations = (
				C14FDEB32EC0C39D00EB9F3D /* Debug */,
				C14FDEB42EC0C39D00EB9F3D /* Release */,
			);
			defaultConfigurationIsVisible = 0;
			defaultConfigurationName = Release;
		};
		C1F5BF622E8E36FB00810721 /* Build configuration list for PBXProject "Gobject-tutorial" */ = {
			isa = XCConfigurationList;
			buildConfigurations = (
				C1F5BF6C2E8E36FB00810721 /* Debug */,
				C1F5BF6D2E8E36FB00810721 /* Release */,
			);
			defaultConfigurationIsVisible = 0;
			defaultConfigurationName = Release;
		};
		C1F5BF6E2E8E36FB00810721 /* Build configuration list for PBXNativeTarget "Gobject-tutorial" */ = {
			isa = XCConfigurationList;
			buildConfigurations = (
				C1F5BF6F2E8E36FB00810721 /* Debug */,
				C1F5BF702E8E36FB00810721 /* Release */,
			);
			defaultConfigurationIsVisible = 0;
			defaultConfigurationName = Release;
		};
/* End XCConfigurationList section */
	};
	rootObject = C1F5BF5F2E8E36FB00810721 /* Project object */;
}
